
Microsoft Visual Studio Solution File, Format Version 12.00
# Visual Studio Version 17
VisualStudioVersion = 17.1.32210.238
MinimumVisualStudioVersion = 10.0.40219.1
Project("{9A19103F-16F7-4668-BE54-9A1E7A4F7556}") = "WeatherStationAPI", "WeatherStationAPI\WeatherStationAPI.csproj", "{8B833D84-C6F2-47F2-974A-B833B9B2AB48}"
EndProject
Project("{FAE04EC0-301F-11D3-BF4B-00C04F79EFBC}") = "WeatherStationAPI.Data", "WeatherStationAPI.Data\WeatherStationAPI.Data.csproj", "{BDE91182-BB35-49E9-B852-FE3EDCC82612}"
EndProject
Global
	GlobalSection(SolutionConfigurationPlatforms) = preSolution
		Debug|Any CPU = Debug|Any CPU
		Release|Any CPU = Release|Any CPU
	EndGlobalSection
	GlobalSection(ProjectConfigurationPlatforms) = postSolution
		{8B833D84-C6F2-47F2-974A-B833B9B2AB48}.Debug|Any CPU.ActiveCfg = Debug|Any CPU
		{8B833D84-C6F2-47F2-974A-B833B9B2AB48}.Debug|Any CPU.Build.0 = Debug|Any CPU
		{8B833D84-C6F2-47F2-974A-B833B9B2AB48}.Release|Any CPU.ActiveCfg = Release|Any CPU
		{8B833D84-C6F2-47F2-974A-B833B9B2AB48}.Release|Any CPU.Build.0 = Release|Any CPU
		{BDE91182-BB35-49E9-B852-FE3EDCC82612}.Debug|Any CPU.ActiveCfg = Debug|Any CPU
		{BDE91182-BB35-49E9-B852-FE3EDCC82612}.Debug|Any CPU.Build.0 = Debug|Any CPU
		{BDE91182-BB35-49E9-B852-FE3EDCC82612}.Release|Any CPU.ActiveCfg = Release|Any CPU
		{BDE91182-BB35-49E9-B852-FE3EDCC82612}.Release|Any CPU.Build.0 = Release|Any CPU
	EndGlobalSection
	GlobalSection(SolutionProperties) = preSolution
		HideSolutionNode = FALSE
	EndGlobalSection
	GlobalSection(ExtensibilityGlobals) = postSolution
		SolutionGuid = {39CDE95C-65CB-40C0-9B43-31D388AA4C35}
	EndGlobalSection
EndGlobal
